
Microsoft Visual Studio Solution File, Format Version 12.00
# Visual Studio Version 16
VisualStudioVersion = 16.0.31112.23
MinimumVisualStudioVersion = 10.0.40219.1
Project("{FAE04EC0-301F-11D3-BF4B-00C04F79EFBC}") = "NodeCodeGenerator", "NodeCodeGenerator\NodeCodeGenerator.csproj", "{9EF5A884-BD33-42DF-A17C-C8D3F9EBEE3E}"
EndProject
Global
	GlobalSection(SolutionConfigurationPlatforms) = preSolution
		Debug|Any CPU = Debug|Any CPU
		Release|Any CPU = Release|Any CPU
	EndGlobalSection
	GlobalSection(ProjectConfigurationPlatforms) = postSolution
		{9EF5A884-BD33-42DF-A17C-C8D3F9EBEE3E}.Debug|Any CPU.ActiveCfg = Debug|Any CPU
		{9EF5A884-BD33-42DF-A17C-C8D3F9EBEE3E}.Debug|Any CPU.Build.0 = Debug|Any CPU
		{9EF5A884-BD33-42DF-A17C-C8D3F9EBEE3E}.Release|Any CPU.ActiveCfg = Release|Any CPU
		{9EF5A884-BD33-42DF-A17C-C8D3F9EBEE3E}.Release|Any CPU.Build.0 = Release|Any CPU
	EndGlobalSection
	GlobalSection(SolutionProperties) = preSolution
		HideSolutionNode = FALSE
	EndGlobalSection
	GlobalSection(ExtensibilityGlobals) = postSolution
		SolutionGuid = {5E63C34A-D0C1-4DC0-AF6F-A747C9E60ADE}
	EndGlobalSection
EndGlobal
